
Microsoft Visual Studio Solution File, Format Version 12.00
# Visual Studio Version 16
VisualStudioVersion = 16.0.31515.178
MinimumVisualStudioVersion = 10.0.40219.1
Project("{FAE04EC0-301F-11D3-BF4B-00C04F79EFBC}") = "GerenciadorCondominios.Web", "GerenciadorCondominios.Web\GerenciadorCondominios.Web.csproj", "{8BB18B10-2B78-4603-B862-70F7FE1119E0}"
EndProject
Project("{FAE04EC0-301F-11D3-BF4B-00C04F79EFBC}") = "GerenciadorCondominios.BLL", "GerenciadorCondominios.BLL\GerenciadorCondominios.BLL.csproj", "{920690BA-3FE9-404F-BE67-F15C83D17CBF}"
EndProject
Project("{FAE04EC0-301F-11D3-BF4B-00C04F79EFBC}") = "GerenciadorCondominios.DAL", "GerenciadorCondominios.DAL\GerenciadorCondominios.DAL.csproj", "{4F2F47DE-CD74-4669-BC9B-B0FB26B040E9}"
EndProject
Global
	GlobalSection(SolutionConfigurationPlatforms) = preSolution
		Debug|Any CPU = Debug|Any CPU
		Release|Any CPU = Release|Any CPU
	EndGlobalSection
	GlobalSection(ProjectConfigurationPlatforms) = postSolution
		{8BB18B10-2B78-4603-B862-70F7FE1119E0}.Debug|Any CPU.ActiveCfg = Debug|Any CPU
		{8BB18B10-2B78-4603-B862-70F7FE1119E0}.Debug|Any CPU.Build.0 = Debug|Any CPU
		{8BB18B10-2B78-4603-B862-70F7FE1119E0}.Release|Any CPU.ActiveCfg = Release|Any CPU
		{8BB18B10-2B78-4603-B862-70F7FE1119E0}.Release|Any CPU.Build.0 = Release|Any CPU
		{920690BA-3FE9-404F-BE67-F15C83D17CBF}.Debug|Any CPU.ActiveCfg = Debug|Any CPU
		{920690BA-3FE9-404F-BE67-F15C83D17CBF}.Debug|Any CPU.Build.0 = Debug|Any CPU
		{920690BA-3FE9-404F-BE67-F15C83D17CBF}.Release|Any CPU.ActiveCfg = Release|Any CPU
		{920690BA-3FE9-404F-BE67-F15C83D17CBF}.Release|Any CPU.Build.0 = Release|Any CPU
		{4F2F47DE-CD74-4669-BC9B-B0FB26B040E9}.Debug|Any CPU.ActiveCfg = Debug|Any CPU
		{4F2F47DE-CD74-4669-BC9B-B0FB26B040E9}.Debug|Any CPU.Build.0 = Debug|Any CPU
		{4F2F47DE-CD74-4669-BC9B-B0FB26B040E9}.Release|Any CPU.ActiveCfg = Release|Any CPU
		{4F2F47DE-CD74-4669-BC9B-B0FB26B040E9}.Release|Any CPU.Build.0 = Release|Any CPU
	EndGlobalSection
	GlobalSection(SolutionProperties) = preSolution
		HideSolutionNode = FALSE
	EndGlobalSection
	GlobalSection(ExtensibilityGlobals) = postSolution
		SolutionGuid = {12E2E9D6-9FD2-430B-A6CF-DE731A405B4D}
	EndGlobalSection
EndGlobal
